
Microsoft Visual Studio Solution File, Format Version 12.00
# Visual Studio Version 17
VisualStudioVersion = 17.1.32228.430
MinimumVisualStudioVersion = 10.0.40219.1
Project("{FAE04EC0-301F-11D3-BF4B-00C04F79EFBC}") = "PruebaColecciones", "PruebaColecciones\PruebaColecciones.csproj", "{2789C1D2-8769-491F-9CB2-05D62CDEF6C8}"
EndProject
Project("{FAE04EC0-301F-11D3-BF4B-00C04F79EFBC}") = "PruebaList", "PruebaList\PruebaList.csproj", "{6083ACCE-FE69-4B73-8A6A-94AAFE9FF369}"
EndProject
Global
	GlobalSection(SolutionConfigurationPlatforms) = preSolution
		Debug|Any CPU = Debug|Any CPU
		Release|Any CPU = Release|Any CPU
	EndGlobalSection
	GlobalSection(ProjectConfigurationPlatforms) = postSolution
		{2789C1D2-8769-491F-9CB2-05D62CDEF6C8}.Debug|Any CPU.ActiveCfg = Debug|Any CPU
		{2789C1D2-8769-491F-9CB2-05D62CDEF6C8}.Debug|Any CPU.Build.0 = Debug|Any CPU
		{2789C1D2-8769-491F-9CB2-05D62CDEF6C8}.Release|Any CPU.ActiveCfg = Release|Any CPU
		{2789C1D2-8769-491F-9CB2-05D62CDEF6C8}.Release|Any CPU.Build.0 = Release|Any CPU
		{6083ACCE-FE69-4B73-8A6A-94AAFE9FF369}.Debug|Any CPU.ActiveCfg = Debug|Any CPU
		{6083ACCE-FE69-4B73-8A6A-94AAFE9FF369}.Debug|Any CPU.Build.0 = Debug|Any CPU
		{6083ACCE-FE69-4B73-8A6A-94AAFE9FF369}.Release|Any CPU.ActiveCfg = Release|Any CPU
		{6083ACCE-FE69-4B73-8A6A-94AAFE9FF369}.Release|Any CPU.Build.0 = Release|Any CPU
	EndGlobalSection
	GlobalSection(SolutionProperties) = preSolution
		HideSolutionNode = FALSE
	EndGlobalSection
	GlobalSection(ExtensibilityGlobals) = postSolution
		SolutionGuid = {783BAD4B-A70C-4BD5-8058-EDAE85AC9A48}
	EndGlobalSection
EndGlobal
